
Microsoft Visual Studio Solution File, Format Version 11.00
# Visual Studio 2010
# SharpDevelop 5.1
Project("{FAE04EC0-301F-11D3-BF4B-00C04F79EFBC}") = "imagl", "imagl\imagl.csproj", "{C67CA8C6-B22C-463E-9F09-6B9F1D93A950}"
EndProject
Project("{FAE04EC0-301F-11D3-BF4B-00C04F79EFBC}") = "imaglc", "imaglc\imaglc.csproj", "{7C20F6DF-0765-4510-B651-57D42279300B}"
EndProject
Project("{FAE04EC0-301F-11D3-BF4B-00C04F79EFBC}") = "imagledit", "imagledit\imagledit.csproj", "{9A41437F-4EEC-4B08-94C2-DA71E58EA310}"
EndProject
Project("{FAE04EC0-301F-11D3-BF4B-00C04F79EFBC}") = "imaglbuilder", "imaglbuilder\imaglbuilder.csproj", "{699D92A8-8B10-4FBA-93CB-029CA41A0D9F}"
EndProject
Global
	GlobalSection(SolutionConfigurationPlatforms) = preSolution
		Debug|Any CPU = Debug|Any CPU
		Release|Any CPU = Release|Any CPU
	EndGlobalSection
	GlobalSection(ProjectConfigurationPlatforms) = postSolution
		{C67CA8C6-B22C-463E-9F09-6B9F1D93A950}.Debug|Any CPU.ActiveCfg = Debug|Any CPU
		{C67CA8C6-B22C-463E-9F09-6B9F1D93A950}.Debug|Any CPU.Build.0 = Debug|Any CPU
		{C67CA8C6-B22C-463E-9F09-6B9F1D93A950}.Release|Any CPU.ActiveCfg = Release|Any CPU
		{C67CA8C6-B22C-463E-9F09-6B9F1D93A950}.Release|Any CPU.Build.0 = Release|Any CPU
		{7C20F6DF-0765-4510-B651-57D42279300B}.Debug|Any CPU.ActiveCfg = Debug|Any CPU
		{7C20F6DF-0765-4510-B651-57D42279300B}.Debug|Any CPU.Build.0 = Debug|Any CPU
		{7C20F6DF-0765-4510-B651-57D42279300B}.Release|Any CPU.ActiveCfg = Release|Any CPU
		{7C20F6DF-0765-4510-B651-57D42279300B}.Release|Any CPU.Build.0 = Release|Any CPU
		{9A41437F-4EEC-4B08-94C2-DA71E58EA310}.Debug|Any CPU.ActiveCfg = Debug|Any CPU
		{9A41437F-4EEC-4B08-94C2-DA71E58EA310}.Debug|Any CPU.Build.0 = Debug|Any CPU
		{9A41437F-4EEC-4B08-94C2-DA71E58EA310}.Release|Any CPU.ActiveCfg = Release|Any CPU
		{9A41437F-4EEC-4B08-94C2-DA71E58EA310}.Release|Any CPU.Build.0 = Release|Any CPU
		{699D92A8-8B10-4FBA-93CB-029CA41A0D9F}.Debug|Any CPU.ActiveCfg = Debug|Any CPU
		{699D92A8-8B10-4FBA-93CB-029CA41A0D9F}.Debug|Any CPU.Build.0 = Debug|Any CPU
		{699D92A8-8B10-4FBA-93CB-029CA41A0D9F}.Release|Any CPU.ActiveCfg = Release|Any CPU
		{699D92A8-8B10-4FBA-93CB-029CA41A0D9F}.Release|Any CPU.Build.0 = Release|Any CPU
	EndGlobalSection
EndGlobal
